{
    "_meta": {
        "hash": {
            "sha256": "e7d37344b33265997115fb2ea9cccf5061245c31b34cc9098716eefa4ed1c180"
        },
        "pipfile-spec": 6,
        "requires": {
            "python_version": "3.8"
        },
        "sources": [
            {
                "name": "pypi",
                "url": "https://pypi.org/simple",
                "verify_ssl": true
            }
        ]
    },
    "default": {
        "crc8": {
            "hashes": [
                "sha256:70d8905af9a3813cdf0852346e6026180d14e06f870d816c5cd41b78da7114af"
            ],
            "index": "pypi",
            "version": "==0.1.0"
        },
        "pyserial": {
            "hashes": [
                "sha256:3c77e014170dfffbd816e6ffc205e9842efb10be9f58ec16d3e8675b4925cddb",
                "sha256:c4451db6ba391ca6ca299fb3ec7bae67a5c55dde170964c7a14ceefec02f2cf0"
            ],
            "index": "pypi",
            "version": "==3.5"
        }
    },
    "develop": {}
}
